// !$*UTF8*$!
{
	archiveVersion = 1;
	classes = {
	};
	objectVersion = 51;
	objects = {

/* Begin PBXBuildFile section */
		5C703CA625C8561500E7490C /* AppDelegate.swift in Sources */ = {isa = PBXBuildFile; fileRef = 5C703CA525C8561500E7490C /* AppDelegate.swift */; };
		5C703CA825C8561500E7490C /* SceneDelegate.swift in Sources */ = {isa = PBXBuildFile; fileRef = 5C703CA725C8561500E7490C /* SceneDelegate.swift */; };
		5C703CAA25C8561500E7490C /* WelcomeViewController.swift in Sources */ = {isa = PBXBuildFile; fileRef = 5C703CA925C8561500E7490C /* WelcomeViewController.swift */; };
		5C703CAD25C8561500E7490C /* Main.storyboard in Resources */ = {isa = PBXBuildFile; fileRef = 5C703CAB25C8561500E7490C /* Main.storyboard */; };
		5C703CAF25C8561600E7490C /* Assets.xcassets in Resources */ = {isa = PBXBuildFile; fileRef = 5C703CAE25C8561600E7490C /* Assets.xcassets */; };
		5C703CB225C8561600E7490C /* LaunchScreen.storyboard in Resources */ = {isa = PBXBuildFile; fileRef = 5C703CB025C8561600E7490C /* LaunchScreen.storyboard */; };
		5C8D868625CB0383007FE61A /* GoogleService-Info.plist in Resources */ = {isa = PBXBuildFile; fileRef = 5C8D868525CB0383007FE61A /* GoogleService-Info.plist */; };
		5C8D868925CB0AF7007FE61A /* RegisterViewController.swift in Sources */ = {isa = PBXBuildFile; fileRef = 5C8D868825CB0AF7007FE61A /* RegisterViewController.swift */; };
		5C8D868B25CB0B10007FE61A /* LoginViewController.swift in Sources */ = {isa = PBXBuildFile; fileRef = 5C8D868A25CB0B10007FE61A /* LoginViewController.swift */; };
		5C8D868D25CB0B20007FE61A /* ChatViewController.swift in Sources */ = {isa = PBXBuildFile; fileRef = 5C8D868C25CB0B20007FE61A /* ChatViewController.swift */; };
		5CCE694825CE914F0038FF75 /* K.swift in Sources */ = {isa = PBXBuildFile; fileRef = 5CCE694725CE914F0038FF75 /* K.swift */; };
		5CCE694A25CE952C0038FF75 /* MessageModel.swift in Sources */ = {isa = PBXBuildFile; fileRef = 5CCE694925CE952C0038FF75 /* MessageModel.swift */; };
		89694E0418EC8AA23E681681 /* Pods_Chat2021.framework in Frameworks */ = {isa = PBXBuildFile; fileRef = 28DAFC21B3F00DF3F2E29218 /* Pods_Chat2021.framework */; };
/* End PBXBuildFile section */

/* Begin PBXFileReference section */
		28DAFC21B3F00DF3F2E29218 /* Pods_Chat2021.framework */ = {isa = PBXFileReference; explicitFileType = wrapper.framework; includeInIndex = 0; path = Pods_Chat2021.framework; sourceTree = BUILT_PRODUCTS_DIR; };
		510041F1CDECD1B7960CFC47 /* Pods-Chat2021.release.xcconfig */ = {isa = PBXFileReference; includeInIndex = 1; lastKnownFileType = text.xcconfig; name = "Pods-Chat2021.release.xcconfig"; path = "Target Support Files/Pods-Chat2021/Pods-Chat2021.release.xcconfig"; sourceTree = "<group>"; };
		5C703CA225C8561500E7490C /* Chat2021.app */ = {isa = PBXFileReference; explicitFileType = wrapper.application; includeInIndex = 0; path = Chat2021.app; sourceTree = BUILT_PRODUCTS_DIR; };
		5C703CA525C8561500E7490C /* AppDelegate.swift */ = {isa = PBXFileReference; lastKnownFileType = sourcecode.swift; path = AppDelegate.swift; sourceTree = "<group>"; };
		5C703CA725C8561500E7490C /* SceneDelegate.swift */ = {isa = PBXFileReference; lastKnownFileType = sourcecode.swift; path = SceneDelegate.swift; sourceTree = "<group>"; };
		5C703CA925C8561500E7490C /* WelcomeViewController.swift */ = {isa = PBXFileReference; lastKnownFileType = sourcecode.swift; path = WelcomeViewController.swift; sourceTree = "<group>"; };
		5C703CAC25C8561500E7490C /* Base */ = {isa = PBXFileReference; lastKnownFileType = file.storyboard; name = Base; path = Base.lproj/Main.storyboard; sourceTree = "<group>"; };
		5C703CAE25C8561600E7490C /* Assets.xcassets */ = {isa = PBXFileReference; lastKnownFileType = folder.assetcatalog; path = Assets.xcassets; sourceTree = "<group>"; };
		5C703CB125C8561600E7490C /* Base */ = {isa = PBXFileReference; lastKnownFileType = file.storyboard; name = Base; path = Base.lproj/LaunchScreen.storyboard; sourceTree = "<group>"; };
		5C703CB325C8561600E7490C /* Info.plist */ = {isa = PBXFileReference; lastKnownFileType = text.plist.xml; path = Info.plist; sourceTree = "<group>"; };
		5C8D868525CB0383007FE61A /* GoogleService-Info.plist */ = {isa = PBXFileReference; fileEncoding = 4; lastKnownFileType = text.plist.xml; path = "GoogleService-Info.plist"; sourceTree = "<group>"; };
		5C8D868825CB0AF7007FE61A /* RegisterViewController.swift */ = {isa = PBXFileReference; lastKnownFileType = sourcecode.swift; path = RegisterViewController.swift; sourceTree = "<group>"; };
		5C8D868A25CB0B10007FE61A /* LoginViewController.swift */ = {isa = PBXFileReference; lastKnownFileType = sourcecode.swift; path = LoginViewController.swift; sourceTree = "<group>"; };
		5C8D868C25CB0B20007FE61A /* ChatViewController.swift */ = {isa = PBXFileReference; lastKnownFileType = sourcecode.swift; path = ChatViewController.swift; sourceTree = "<group>"; };
		5CCE694725CE914F0038FF75 /* K.swift */ = {isa = PBXFileReference; lastKnownFileType = sourcecode.swift; path = K.swift; sourceTree = "<group>"; };
		5CCE694925CE952C0038FF75 /* MessageModel.swift */ = {isa = PBXFileReference; lastKnownFileType = sourcecode.swift; path = MessageModel.swift; sourceTree = "<group>"; };
		69F61572DDBBB40BF3910E35 /* Pods-Chat2021.debug.xcconfig */ = {isa = PBXFileReference; includeInIndex = 1; lastKnownFileType = text.xcconfig; name = "Pods-Chat2021.debug.xcconfig"; path = "Target Support Files/Pods-Chat2021/Pods-Chat2021.debug.xcconfig"; sourceTree = "<group>"; };
/* End PBXFileReference section */

/* Begin PBXFrameworksBuildPhase section */
		5C703C9F25C8561500E7490C /* Frameworks */ = {
			isa = PBXFrameworksBuildPhase;
			buildActionMask = 2147483647;
			files = (
				89694E0418EC8AA23E681681 /* Pods_Chat2021.framework in Frameworks */,
			);
			runOnlyForDeploymentPostprocessing = 0;
		};
/* End PBXFrameworksBuildPhase section */

/* Begin PBXGroup section */
		17419376D8F6A960D6808C9E /* Frameworks */ = {
			isa = PBXGroup;
			children = (
				28DAFC21B3F00DF3F2E29218 /* Pods_Chat2021.framework */,
			);
			name = Frameworks;
			sourceTree = "<group>";
		};
		5C703C9925C8561500E7490C = {
			isa = PBXGroup;
			children = (
				5C703CA425C8561500E7490C /* Chat2021 */,
				5C703CA325C8561500E7490C /* Products */,
				B745CA8D0A689754A7D71D52 /* Pods */,
				17419376D8F6A960D6808C9E /* Frameworks */,
			);
			sourceTree = "<group>";
		};
		5C703CA325C8561500E7490C /* Products */ = {
			isa = PBXGroup;
			children = (
				5C703CA225C8561500E7490C /* Chat2021.app */,
			);
			name = Products;
			sourceTree = "<group>";
		};
		5C703CA425C8561500E7490C /* Chat2021 */ = {
			isa = PBXGroup;
			children = (
				5CCE694625CE91250038FF75 /* Model */,
				5C703CA525C8561500E7490C /* AppDelegate.swift */,
				5C703CA725C8561500E7490C /* SceneDelegate.swift */,
				5C8D868725CB0AC1007FE61A /* Controller */,
				5C8D868E25CB0B2C007FE61A /* View */,
				5C703CAE25C8561600E7490C /* Assets.xcassets */,
				5C703CB025C8561600E7490C /* LaunchScreen.storyboard */,
				5C703CB325C8561600E7490C /* Info.plist */,
				5C8D868525CB0383007FE61A /* GoogleService-Info.plist */,
				5CCE694725CE914F0038FF75 /* K.swift */,
			);
			path = Chat2021;
			sourceTree = "<group>";
		};
		5C8D868725CB0AC1007FE61A /* Controller */ = {
			isa = PBXGroup;
			children = (
				5C703CA925C8561500E7490C /* WelcomeViewController.swift */,
				5C8D868825CB0AF7007FE61A /* RegisterViewController.swift */,
				5C8D868A25CB0B10007FE61A /* LoginViewController.swift */,
				5C8D868C25CB0B20007FE61A /* ChatViewController.swift */,
			);
			path = Controller;
			sourceTree = "<group>";
		};
		5C8D868E25CB0B2C007FE61A /* View */ = {
			isa = PBXGroup;
			children = (
				5C703CAB25C8561500E7490C /* Main.storyboard */,
			);
			path = View;
			sourceTree = "<group>";
		};
		5CCE694625CE91250038FF75 /* Model */ = {
			isa = PBXGroup;
			children = (
				5CCE694925CE952C0038FF75 /* MessageModel.swift */,
			);
			path = Model;
			sourceTree = "<group>";
		};
		B745CA8D0A689754A7D71D52 /* Pods */ = {
			isa = PBXGroup;
			children = (
				69F61572DDBBB40BF3910E35 /* Pods-Chat2021.debug.xcconfig */,
				510041F1CDECD1B7960CFC47 /* Pods-Chat2021.release.xcconfig */,
			);
			path = Pods;
			sourceTree = "<group>";
		};
/* End PBXGroup section */

/* Begin PBXNativeTarget section */
		5C703CA125C8561500E7490C /* Chat2021 */ = {
			isa = PBXNativeTarget;
			buildConfigurationList = 5C703CB625C8561600E7490C /* Build configuration list for PBXNativeTarget "Chat2021" */;
			buildPhases = (
				77269A4BA0EAD2104C487615 /* [CP] Check Pods Manifest.lock */,
				5C703C9E25C8561500E7490C /* Sources */,
				5C703C9F25C8561500E7490C /* Frameworks */,
				5C703CA025C8561500E7490C /* Resources */,
				AFCAF79C93164640E00F03AA /* [CP] Embed Pods Frameworks */,
			);
			buildRules = (
			);
			dependencies = (
			);
			name = Chat2021;
			productName = Chat2021;
			productReference = 5C703CA225C8561500E7490C /* Chat2021.app */;
			productType = "com.apple.product-type.application";
		};
/* End PBXNativeTarget section */

/* Begin PBXProject section */
		5C703C9A25C8561500E7490C /* Project object */ = {
			isa = PBXProject;
			attributes = {
				LastSwiftUpdateCheck = 1150;
				LastUpgradeCheck = 1150;
				ORGANIZATIONNAME = "Konstantin Dmitrievskiy";
				TargetAttributes = {
					5C703CA125C8561500E7490C = {
						CreatedOnToolsVersion = 11.5;
					};
				};
			};
			buildConfigurationList = 5C703C9D25C8561500E7490C /* Build configuration list for PBXProject "Chat2021" */;
			compatibilityVersion = "Xcode 9.3";
			developmentRegion = en;
			hasScannedForEncodings = 0;
			knownRegions = (
				en,
				Base,
			);
			mainGroup = 5C703C9925C8561500E7490C;
			productRefGroup = 5C703CA325C8561500E7490C /* Products */;
			projectDirPath = "";
			projectRoot = "";
			targets = (
				5C703CA125C8561500E7490C /* Chat2021 */,
			);
		};
/* End PBXProject section */

/* Begin PBXResourcesBuildPhase section */
		5C703CA025C8561500E7490C /* Resources */ = {
			isa = PBXResourcesBuildPhase;
			buildActionMask = 2147483647;
			files = (
				5C703CB225C8561600E7490C /* LaunchScreen.storyboard in Resources */,
				5C8D868625CB0383007FE61A /* GoogleService-Info.plist in Resources */,
				5C703CAF25C8561600E7490C /* Assets.xcassets in Resources */,
				5C703CAD25C8561500E7490C /* Main.storyboard in Resources */,
			);
			runOnlyForDeploymentPostprocessing = 0;
		};
/* End PBXResourcesBuildPhase section */

/* Begin PBXShellScriptBuildPhase section */
		77269A4BA0EAD2104C487615 /* [CP] Check Pods Manifest.lock */ = {
			isa = PBXShellScriptBuildPhase;
			buildActionMask = 2147483647;
			files = (
			);
			inputFileListPaths = (
			);
			inputPaths = (
				"${PODS_PODFILE_DIR_PATH}/Podfile.lock",
				"${PODS_ROOT}/Manifest.lock",
			);
			name = "[CP] Check Pods Manifest.lock";
			outputFileListPaths = (
			);
			outputPaths = (
				"$(DERIVED_FILE_DIR)/Pods-Chat2021-checkManifestLockResult.txt",
			);
			runOnlyForDeploymentPostprocessing = 0;
			shellPath = /bin/sh;
			shellScript = "diff \"${PODS_PODFILE_DIR_PATH}/Podfile.lock\" \"${PODS_ROOT}/Manifest.lock\" > /dev/null\nif [ $? != 0 ] ; then\n    # print error to STDERR\n    echo \"error: The sandbox is not in sync with the Podfile.lock. Run 'pod install' or update your CocoaPods installation.\" >&2\n    exit 1\nfi\n# This output is used by Xcode 'outputs' to avoid re-running this script phase.\necho \"SUCCESS\" > \"${SCRIPT_OUTPUT_FILE_0}\"\n";
			showEnvVarsInLog = 0;
		};
		AFCAF79C93164640E00F03AA /* [CP] Embed Pods Frameworks */ = {
			isa = PBXShellScriptBuildPhase;
			buildActionMask = 2147483647;
			files = (
			);
			inputFileListPaths = (
				"${PODS_ROOT}/Target Support Files/Pods-Chat2021/Pods-Chat2021-frameworks-${CONFIGURATION}-input-files.xcfilelist",
			);
			name = "[CP] Embed Pods Frameworks";
			outputFileListPaths = (
				"${PODS_ROOT}/Target Support Files/Pods-Chat2021/Pods-Chat2021-frameworks-${CONFIGURATION}-output-files.xcfilelist",
			);
			runOnlyForDeploymentPostprocessing = 0;
			shellPath = /bin/sh;
			shellScript = "\"${PODS_ROOT}/Target Support Files/Pods-Chat2021/Pods-Chat2021-frameworks.sh\"\n";
			showEnvVarsInLog = 0;
		};
/* End PBXShellScriptBuildPhase section */

/* Begin PBXSourcesBuildPhase section */
		5C703C9E25C8561500E7490C /* Sources */ = {
			isa = PBXSourcesBuildPhase;
			buildActionMask = 2147483647;
			files = (
				5C703CAA25C8561500E7490C /* WelcomeViewController.swift in Sources */,
				5CCE694825CE914F0038FF75 /* K.swift in Sources */,
				5C703CA625C8561500E7490C /* AppDelegate.swift in Sources */,
				5CCE694A25CE952C0038FF75 /* MessageModel.swift in Sources */,
				5C703CA825C8561500E7490C /* SceneDelegate.swift in Sources */,
				5C8D868B25CB0B10007FE61A /* LoginViewController.swift in Sources */,
				5C8D868D25CB0B20007FE61A /* ChatViewController.swift in Sources */,
				5C8D868925CB0AF7007FE61A /* RegisterViewController.swift in Sources */,
			);
			runOnlyForDeploymentPostprocessing = 0;
		};
/* End PBXSourcesBuildPhase section */

/* Begin PBXVariantGroup section */
		5C703CAB25C8561500E7490C /* Main.storyboard */ = {
			isa = PBXVariantGroup;
			children = (
				5C703CAC25C8561500E7490C /* Base */,
			);
			name = Main.storyboard;
			sourceTree = "<group>";
		};
		5C703CB025C8561600E7490C /* LaunchScreen.storyboard */ = {
			isa = PBXVariantGroup;
			children = (
				5C703CB125C8561600E7490C /* Base */,
			);
			name = LaunchScreen.storyboard;
			sourceTree = "<group>";
		};
/* End PBXVariantGroup section */

/* Begin XCBuildConfiguration section */
		5C703CB425C8561600E7490C /* Debug */ = {
			isa = XCBuildConfiguration;
			buildSettings = {
				ALWAYS_SEARCH_USER_PATHS = NO;
				CLANG_ANALYZER_NONNULL = YES;
				CLANG_ANALYZER_NUMBER_OBJECT_CONVERSION = YES_AGGRESSIVE;
				CLANG_CXX_LANGUAGE_STANDARD = "gnu++14";
				CLANG_CXX_LIBRARY = "libc++";
				CLANG_ENABLE_MODULES = YES;
				CLANG_ENABLE_OBJC_ARC = YES;
				CLANG_ENABLE_OBJC_WEAK = YES;
				CLANG_WARN_BLOCK_CAPTURE_AUTORELEASING = YES;
				CLANG_WARN_BOOL_CONVERSION = YES;
				CLANG_WARN_COMMA = YES;
				CLANG_WARN_CONSTANT_CONVERSION = YES;
				CLANG_WARN_DEPRECATED_OBJC_IMPLEMENTATIONS = YES;
				CLANG_WARN_DIRECT_OBJC_ISA_USAGE = YES_ERROR;
				CLANG_WARN_DOCUMENTATION_COMMENTS = YES;
				CLANG_WARN_EMPTY_BODY = YES;
				CLANG_WARN_ENUM_CONVERSION = YES;
				CLANG_WARN_INFINITE_RECURSION = YES;
				CLANG_WARN_INT_CONVERSION = YES;
				CLANG_WARN_NON_LITERAL_NULL_CONVERSION = YES;
				CLANG_WARN_OBJC_IMPLICIT_RETAIN_SELF = YES;
				CLANG_WARN_OBJC_LITERAL_CONVERSION = YES;
				CLANG_WARN_OBJC_ROOT_CLASS = YES_ERROR;
				CLANG_WARN_RANGE_LOOP_ANALYSIS = YES;
				CLANG_WARN_STRICT_PROTOTYPES = YES;
				CLANG_WARN_SUSPICIOUS_MOVE = YES;
				CLANG_WARN_UNGUARDED_AVAILABILITY = YES_AGGRESSIVE;
				CLANG_WARN_UNREACHABLE_CODE = YES;
				CLANG_WARN__DUPLICATE_METHOD_MATCH = YES;
				COPY_PHASE_STRIP = NO;
				DEBUG_INFORMATION_FORMAT = dwarf;
				ENABLE_STRICT_OBJC_MSGSEND = YES;
				ENABLE_TESTABILITY = YES;
				GCC_C_LANGUAGE_STANDARD = gnu11;
				GCC_DYNAMIC_NO_PIC = NO;
				GCC_NO_COMMON_BLOCKS = YES;
				GCC_OPTIMIZATION_LEVEL = 0;
				GCC_PREPROCESSOR_DEFINITIONS = (
					"DEBUG=1",
					"$(inherited)",
				);
				GCC_WARN_64_TO_32_BIT_CONVERSION = YES;
				GCC_WARN_ABOUT_RETURN_TYPE = YES_ERROR;
				GCC_WARN_UNDECLARED_SELECTOR = YES;
				GCC_WARN_UNINITIALIZED_AUTOS = YES_AGGRESSIVE;
				GCC_WARN_UNUSED_FUNCTION = YES;
				GCC_WARN_UNUSED_VARIABLE = YES;
				IPHONEOS_DEPLOYMENT_TARGET = 13.5;
				MTL_ENABLE_DEBUG_INFO = INCLUDE_SOURCE;
				MTL_FAST_MATH = YES;
				ONLY_ACTIVE_ARCH = YES;
				SDKROOT = iphoneos;
				SWIFT_ACTIVE_COMPILATION_CONDITIONS = DEBUG;
				SWIFT_OPTIMIZATION_LEVEL = "-Onone";
			};
			name = Debug;
		};
		5C703CB525C8561600E7490C /* Release */ = {
			isa = XCBuildConfiguration;
			buildSettings = {
				ALWAYS_SEARCH_USER_PATHS = NO;
				CLANG_ANALYZER_NONNULL = YES;
				CLANG_ANALYZER_NUMBER_OBJECT_CONVERSION = YES_AGGRESSIVE;
				CLANG_CXX_LANGUAGE_STANDARD = "gnu++14";
				CLANG_CXX_LIBRARY = "libc++";
				CLANG_ENABLE_MODULES = YES;
				CLANG_ENABLE_OBJC_ARC = YES;
				CLANG_ENABLE_OBJC_WEAK = YES;
				CLANG_WARN_BLOCK_CAPTURE_AUTORELEASING = YES;
				CLANG_WARN_BOOL_CONVERSION = YES;
				CLANG_WARN_COMMA = YES;
				CLANG_WARN_CONSTANT_CONVERSION = YES;
				CLANG_WARN_DEPRECATED_OBJC_IMPLEMENTATIONS = YES;
				CLANG_WARN_DIRECT_OBJC_ISA_USAGE = YES_ERROR;
				CLANG_WARN_DOCUMENTATION_COMMENTS = YES;
				CLANG_WARN_EMPTY_BODY = YES;
				CLANG_WARN_ENUM_CONVERSION = YES;
				CLANG_WARN_INFINITE_RECURSION = YES;
				CLANG_WARN_INT_CONVERSION = YES;
				CLANG_WARN_NON_LITERAL_NULL_CONVERSION = YES;
				CLANG_WARN_OBJC_IMPLICIT_RETAIN_SELF = YES;
				CLANG_WARN_OBJC_LITERAL_CONVERSION = YES;
				CLANG_WARN_OBJC_ROOT_CLASS = YES_ERROR;
				CLANG_WARN_RANGE_LOOP_ANALYSIS = YES;
				CLANG_WARN_STRICT_PROTOTYPES = YES;
				CLANG_WARN_SUSPICIOUS_MOVE = YES;
				CLANG_WARN_UNGUARDED_AVAILABILITY = YES_AGGRESSIVE;
				CLANG_WARN_UNREACHABLE_CODE = YES;
				CLANG_WARN__DUPLICATE_METHOD_MATCH = YES;
				COPY_PHASE_STRIP = NO;
				DEBUG_INFORMATION_FORMAT = "dwarf-with-dsym";
				ENABLE_NS_ASSERTIONS = NO;
				ENABLE_STRICT_OBJC_MSGSEND = YES;
				GCC_C_LANGUAGE_STANDARD = gnu11;
				GCC_NO_COMMON_BLOCKS = YES;
				GCC_WARN_64_TO_32_BIT_CONVERSION = YES;
				GCC_WARN_ABOUT_RETURN_TYPE = YES_ERROR;
				GCC_WARN_UNDECLARED_SELECTOR = YES;
				GCC_WARN_UNINITIALIZED_AUTOS = YES_AGGRESSIVE;
				GCC_WARN_UNUSED_FUNCTION = YES;
				GCC_WARN_UNUSED_VARIABLE = YES;
				IPHONEOS_DEPLOYMENT_TARGET = 13.5;
				MTL_ENABLE_DEBUG_INFO = NO;
				MTL_FAST_MATH = YES;
				SDKROOT = iphoneos;
				SWIFT_COMPILATION_MODE = wholemodule;
				SWIFT_OPTIMIZATION_LEVEL = "-O";
				VALIDATE_PRODUCT = YES;
			};
			name = Release;
		};
		5C703CB725C8561600E7490C /* Debug */ = {
			isa = XCBuildConfiguration;
			baseConfigurationReference = 69F61572DDBBB40BF3910E35 /* Pods-Chat2021.debug.xcconfig */;
			buildSettings = {
				ASSETCATALOG_COMPILER_APPICON_NAME = AppIcon;
				CODE_SIGN_STYLE = Automatic;
				DEVELOPMENT_TEAM = 6UV36R5ZZ7;
				INFOPLIST_FILE = Chat2021/Info.plist;
				LD_RUNPATH_SEARCH_PATHS = (
					"$(inherited)",
					"@executable_path/Frameworks",
				);
				PRODUCT_BUNDLE_IDENTIFIER = KonstantinD.Chat2021;
				PRODUCT_NAME = "$(TARGET_NAME)";
				SWIFT_VERSION = 5.0;
				TARGETED_DEVICE_FAMILY = "1,2";
			};
			name = Debug;
		};
		5C703CB825C8561600E7490C /* Release */ = {
			isa = XCBuildConfiguration;
			baseConfigurationReference = 510041F1CDECD1B7960CFC47 /* Pods-Chat2021.release.xcconfig */;
			buildSettings = {
				ASSETCATALOG_COMPILER_APPICON_NAME = AppIcon;
				CODE_SIGN_STYLE = Automatic;
				DEVELOPMENT_TEAM = 6UV36R5ZZ7;
				INFOPLIST_FILE = Chat2021/Info.plist;
				LD_RUNPATH_SEARCH_PATHS = (
					"$(inherited)",
					"@executable_path/Frameworks",
				);
				PRODUCT_BUNDLE_IDENTIFIER = KonstantinD.Chat2021;
				PRODUCT_NAME = "$(TARGET_NAME)";
				SWIFT_VERSION = 5.0;
				TARGETED_DEVICE_FAMILY = "1,2";
			};
			name = Release;
		};
/* End XCBuildConfiguration section */

/* Begin XCConfigurationList section */
		5C703C9D25C8561500E7490C /* Build configuration list for PBXProject "Chat2021" */ = {
			isa = XCConfigurationList;
			buildConfigurations = (
				5C703CB425C8561600E7490C /* Debug */,
				5C703CB525C8561600E7490C /* Release */,
			);
			defaultConfigurationIsVisible = 0;
			defaultConfigurationName = Release;
		};
		5C703CB625C8561600E7490C /* Build configuration list for PBXNativeTarget "Chat2021" */ = {
			isa = XCConfigurationList;
			buildConfigurations = (
				5C703CB725C8561600E7490C /* Debug */,
				5C703CB825C8561600E7490C /* Release */,
			);
			defaultConfigurationIsVisible = 0;
			defaultConfigurationName = Release;
		};
/* End XCConfigurationList section */
	};
	rootObject = 5C703C9A25C8561500E7490C /* Project object */;
}
